{
  "name": "dnsbl-parser",
  "version": "1.0.0",
  "lockfileVersion": 3,
  "requires": true,
  "packages": {
    "": {
      "name": "dnsbl-parser",
      "version": "1.0.0",
      "license": "ISC",
      "dependencies": {
        "p-limit": "^6.1.0",
        "p-map": "^7.0.2"
      }
    },
    "node_modules/p-limit": {
      "version": "6.1.0",
      "resolved": "https://registry.npmjs.org/p-limit/-/p-limit-6.1.0.tgz",
      "integrity": "sha512-H0jc0q1vOzlEk0TqAKXKZxdl7kX3OFUzCnNVUnq5Pc3DGo0kpeaMuPqxQn235HibwBEb0/pm9dgKTjXy66fBkg==",
      "license": "MIT",
      "dependencies": {
        "yocto-queue": "^1.1.1"
      },
      "engines": {
        "node": ">=18"
      },
      "funding": {
        "url": "https://github.com/sponsors/sindresorhus"
      }
    },
    "node_modules/p-map": {
      "version": "7.0.2",
      "resolved": "https://registry.npmjs.org/p-map/-/p-map-7.0.2.tgz",
      "integrity": "sha512-z4cYYMMdKHzw4O5UkWJImbZynVIo0lSGTXc7bzB1e/rrDqkgGUNysK/o4bTr+0+xKvvLoTyGqYC4Fgljy9qe1Q==",
      "license": "MIT",
      "engines": {
        "node": ">=18"
      },
      "funding": {
        "url": "https://github.com/sponsors/sindresorhus"
      }
    },
    "node_modules/yocto-queue": {
      "version": "1.1.1",
      "resolved": "https://registry.npmjs.org/yocto-queue/-/yocto-queue-1.1.1.tgz",
      "integrity": "sha512-b4JR1PFR10y1mKjhHY9LaGo6tmrgjit7hxVIeAmyMw3jegXR4dhYqLaQF5zMXZxY7tLpMyJeLjr1C4rLmkVe8g==",
      "license": "MIT",
      "engines": {
        "node": ">=12.20"
      },
      "funding": {
        "url": "https://github.com/sponsors/sindresorhus"
      }
    }
  }
}
